
Microsoft Visual Studio Solution File, Format Version 12.00
Project("{FAE04EC0-301F-11D3-BF4B-00C04F79EFBC}") = "Figure", "Figure\Figure.csproj", "{FB0647CC-1C9A-4B0F-BF5B-2BA2734D80F0}"
EndProject
Project("{FAE04EC0-301F-11D3-BF4B-00C04F79EFBC}") = "TestFigure", "TestFigure\TestFigure.csproj", "{9ABFC275-B653-4E8A-A02D-15BDB290A676}"
EndProject
Project("{FAE04EC0-301F-11D3-BF4B-00C04F79EFBC}") = "MyLib", "MyLib\MyLib.csproj", "{63530649-7366-41AE-AD1B-8C079E8BBDDD}"
EndProject
Global
	GlobalSection(SolutionConfigurationPlatforms) = preSolution
		Debug|Any CPU = Debug|Any CPU
		Release|Any CPU = Release|Any CPU
	EndGlobalSection
	GlobalSection(ProjectConfigurationPlatforms) = postSolution
		{FB0647CC-1C9A-4B0F-BF5B-2BA2734D80F0}.Debug|Any CPU.ActiveCfg = Debug|Any CPU
		{FB0647CC-1C9A-4B0F-BF5B-2BA2734D80F0}.Debug|Any CPU.Build.0 = Debug|Any CPU
		{FB0647CC-1C9A-4B0F-BF5B-2BA2734D80F0}.Release|Any CPU.ActiveCfg = Release|Any CPU
		{FB0647CC-1C9A-4B0F-BF5B-2BA2734D80F0}.Release|Any CPU.Build.0 = Release|Any CPU
		{9ABFC275-B653-4E8A-A02D-15BDB290A676}.Debug|Any CPU.ActiveCfg = Debug|Any CPU
		{9ABFC275-B653-4E8A-A02D-15BDB290A676}.Debug|Any CPU.Build.0 = Debug|Any CPU
		{9ABFC275-B653-4E8A-A02D-15BDB290A676}.Release|Any CPU.ActiveCfg = Release|Any CPU
		{9ABFC275-B653-4E8A-A02D-15BDB290A676}.Release|Any CPU.Build.0 = Release|Any CPU
		{63530649-7366-41AE-AD1B-8C079E8BBDDD}.Debug|Any CPU.ActiveCfg = Debug|Any CPU
		{63530649-7366-41AE-AD1B-8C079E8BBDDD}.Debug|Any CPU.Build.0 = Debug|Any CPU
		{63530649-7366-41AE-AD1B-8C079E8BBDDD}.Release|Any CPU.ActiveCfg = Release|Any CPU
		{63530649-7366-41AE-AD1B-8C079E8BBDDD}.Release|Any CPU.Build.0 = Release|Any CPU
	EndGlobalSection
EndGlobal
